// !$*UTF8*$!
{
	archiveVersion = 1;
	classes = {
	};
	objectVersion = 50;
	objects = {

/* Begin PBXBuildFile section */
		E721EEF524FD39EB0061A44D /* Game.cpp in Sources */ = {isa = PBXBuildFile; fileRef = E721EEF324FD39EB0061A44D /* Game.cpp */; };
		E73BE26A250BACDA00767FBF /* font.ttf in Resources */ = {isa = PBXBuildFile; fileRef = E73BE265250BACDA00767FBF /* font.ttf */; };
		E73BE26B250BACDA00767FBF /* levels in Resources */ = {isa = PBXBuildFile; fileRef = E73BE266250BACDA00767FBF /* levels */; };
		E73BE26C250BACDA00767FBF /* logo.png in Resources */ = {isa = PBXBuildFile; fileRef = E73BE267250BACDA00767FBF /* logo.png */; };
		E73BE26D250BACDA00767FBF /* Pac Woman.png in Resources */ = {isa = PBXBuildFile; fileRef = E73BE268250BACDA00767FBF /* Pac Woman.png */; };
		E73BE26E250BACDA00767FBF /* texture.png in Resources */ = {isa = PBXBuildFile; fileRef = E73BE269250BACDA00767FBF /* texture.png */; };
		E7470B1C24FD306D004545ED /* ResourcePath.mm in Sources */ = {isa = PBXBuildFile; fileRef = E7470B1B24FD306D004545ED /* ResourcePath.mm */; };
		E7470B1F24FD306D004545ED /* main.cpp in Sources */ = {isa = PBXBuildFile; fileRef = E7470B1E24FD306D004545ED /* main.cpp */; };
		E7D586FD250B7CDB00B979CB /* GameState.cpp in Sources */ = {isa = PBXBuildFile; fileRef = E7D586FB250B7CDB00B979CB /* GameState.cpp */; };
/* End PBXBuildFile section */

/* Begin PBXFileReference section */
		E721EEF324FD39EB0061A44D /* Game.cpp */ = {isa = PBXFileReference; lastKnownFileType = sourcecode.cpp.cpp; path = Game.cpp; sourceTree = "<group>"; };
		E721EEF424FD39EB0061A44D /* Game.hpp */ = {isa = PBXFileReference; lastKnownFileType = sourcecode.cpp.h; path = Game.hpp; sourceTree = "<group>"; };
		E73BE265250BACDA00767FBF /* font.ttf */ = {isa = PBXFileReference; lastKnownFileType = file; path = font.ttf; sourceTree = "<group>"; };
		E73BE266250BACDA00767FBF /* levels */ = {isa = PBXFileReference; lastKnownFileType = folder; path = levels; sourceTree = "<group>"; };
		E73BE267250BACDA00767FBF /* logo.png */ = {isa = PBXFileReference; lastKnownFileType = image.png; path = logo.png; sourceTree = "<group>"; };
		E73BE268250BACDA00767FBF /* Pac Woman.png */ = {isa = PBXFileReference; lastKnownFileType = image.png; path = "Pac Woman.png"; sourceTree = "<group>"; };
		E73BE269250BACDA00767FBF /* texture.png */ = {isa = PBXFileReference; lastKnownFileType = image.png; path = texture.png; sourceTree = "<group>"; };
		E7470B1624FD306D004545ED /* PacMan.app */ = {isa = PBXFileReference; explicitFileType = wrapper.application; includeInIndex = 0; path = PacMan.app; sourceTree = BUILT_PRODUCTS_DIR; };
		E7470B1A24FD306D004545ED /* PacMan-Info.plist */ = {isa = PBXFileReference; lastKnownFileType = text.plist.xml; name = "PacMan-Info.plist"; path = "../PacMan-Info.plist"; sourceTree = "<group>"; };
		E7470B1B24FD306D004545ED /* ResourcePath.mm */ = {isa = PBXFileReference; lastKnownFileType = sourcecode.cpp.objcpp; path = ResourcePath.mm; sourceTree = "<group>"; };
		E7470B1D24FD306D004545ED /* ResourcePath.hpp */ = {isa = PBXFileReference; lastKnownFileType = sourcecode.cpp.h; path = ResourcePath.hpp; sourceTree = "<group>"; };
		E7470B1E24FD306D004545ED /* main.cpp */ = {isa = PBXFileReference; lastKnownFileType = sourcecode.cpp.cpp; path = main.cpp; sourceTree = "<group>"; };
		E7D586FB250B7CDB00B979CB /* GameState.cpp */ = {isa = PBXFileReference; lastKnownFileType = sourcecode.cpp.cpp; path = GameState.cpp; sourceTree = "<group>"; };
		E7D586FC250B7CDB00B979CB /* GameState.hpp */ = {isa = PBXFileReference; lastKnownFileType = sourcecode.cpp.h; path = GameState.hpp; sourceTree = "<group>"; };
/* End PBXFileReference section */

/* Begin PBXFrameworksBuildPhase section */
		E7470B1224FD306D004545ED /* Frameworks */ = {
			isa = PBXFrameworksBuildPhase;
			buildActionMask = 2147483647;
			files = (
			);
			runOnlyForDeploymentPostprocessing = 0;
		};
/* End PBXFrameworksBuildPhase section */

/* Begin PBXGroup section */
		E7470B0C24FD306D004545ED = {
			isa = PBXGroup;
			children = (
				E7470B1824FD306D004545ED /* PacMan */,
				E7470B1724FD306D004545ED /* Products */,
			);
			sourceTree = "<group>";
		};
		E7470B1724FD306D004545ED /* Products */ = {
			isa = PBXGroup;
			children = (
				E7470B1624FD306D004545ED /* PacMan.app */,
			);
			name = Products;
			sourceTree = "<group>";
		};
		E7470B1824FD306D004545ED /* PacMan */ = {
			isa = PBXGroup;
			children = (
				E7470B1B24FD306D004545ED /* ResourcePath.mm */,
				E7470B1D24FD306D004545ED /* ResourcePath.hpp */,
				E7470B1E24FD306D004545ED /* main.cpp */,
				E7470B2024FD306D004545ED /* Resources */,
				E7470B1924FD306D004545ED /* Supporting Files */,
				E721EEF324FD39EB0061A44D /* Game.cpp */,
				E721EEF424FD39EB0061A44D /* Game.hpp */,
				E7D586FB250B7CDB00B979CB /* GameState.cpp */,
				E7D586FC250B7CDB00B979CB /* GameState.hpp */,
			);
			path = PacMan;
			sourceTree = "<group>";
		};
		E7470B1924FD306D004545ED /* Supporting Files */ = {
			isa = PBXGroup;
			children = (
				E7470B1A24FD306D004545ED /* PacMan-Info.plist */,
			);
			path = "Supporting Files";
			sourceTree = "<group>";
		};
		E7470B2024FD306D004545ED /* Resources */ = {
			isa = PBXGroup;
			children = (
				E73BE265250BACDA00767FBF /* font.ttf */,
				E73BE266250BACDA00767FBF /* levels */,
				E73BE267250BACDA00767FBF /* logo.png */,
				E73BE268250BACDA00767FBF /* Pac Woman.png */,
				E73BE269250BACDA00767FBF /* texture.png */,
			);
			path = Resources;
			sourceTree = "<group>";
		};
/* End PBXGroup section */

/* Begin PBXNativeTarget section */
		E7470B1524FD306D004545ED /* PacMan */ = {
			isa = PBXNativeTarget;
			buildConfigurationList = E7470B2B24FD306D004545ED /* Build configuration list for PBXNativeTarget "PacMan" */;
			buildPhases = (
				E7470B1124FD306D004545ED /* Sources */,
				E7470B1224FD306D004545ED /* Frameworks */,
				E7470B1324FD306D004545ED /* Resources */,
				E7470B1424FD306D004545ED /* ShellScript */,
			);
			buildRules = (
			);
			dependencies = (
			);
			name = PacMan;
			productName = PacMan;
			productReference = E7470B1624FD306D004545ED /* PacMan.app */;
			productType = "com.apple.product-type.application";
		};
/* End PBXNativeTarget section */

/* Begin PBXProject section */
		E7470B0D24FD306D004545ED /* Project object */ = {
			isa = PBXProject;
			attributes = {
				LastUpgradeCheck = 1140;
				ORGANIZATIONNAME = Vladimir;
				TargetAttributes = {
					E7470B1524FD306D004545ED = {
						CreatedOnToolsVersion = 11.4;
					};
				};
			};
			buildConfigurationList = E7470B1024FD306D004545ED /* Build configuration list for PBXProject "PacMan" */;
			compatibilityVersion = "Xcode 9.3";
			developmentRegion = en;
			hasScannedForEncodings = 0;
			knownRegions = (
				en,
				Base,
			);
			mainGroup = E7470B0C24FD306D004545ED;
			productRefGroup = E7470B1724FD306D004545ED /* Products */;
			projectDirPath = "";
			projectRoot = "";
			targets = (
				E7470B1524FD306D004545ED /* PacMan */,
			);
		};
/* End PBXProject section */

/* Begin PBXResourcesBuildPhase section */
		E7470B1324FD306D004545ED /* Resources */ = {
			isa = PBXResourcesBuildPhase;
			buildActionMask = 2147483647;
			files = (
				E73BE26E250BACDA00767FBF /* texture.png in Resources */,
				E73BE26A250BACDA00767FBF /* font.ttf in Resources */,
				E73BE26B250BACDA00767FBF /* levels in Resources */,
				E73BE26D250BACDA00767FBF /* Pac Woman.png in Resources */,
				E73BE26C250BACDA00767FBF /* logo.png in Resources */,
			);
			runOnlyForDeploymentPostprocessing = 0;
		};
/* End PBXResourcesBuildPhase section */

/* Begin PBXShellScriptBuildPhase section */
		E7470B1424FD306D004545ED /* ShellScript */ = {
			isa = PBXShellScriptBuildPhase;
			buildActionMask = 2147483647;
			files = (
			);
			inputFileListPaths = (
			);
			inputPaths = (
			);
			outputFileListPaths = (
			);
			outputPaths = (
			);
			runOnlyForDeploymentPostprocessing = 0;
			shellPath = /bin/sh;
			shellScript = "# This shell script simply copies required SFML dylibs/frameworks into the application bundle frameworks folder.\n# If you're using static libraries (which is not recommended) you should remove this script from your project.\n\n# SETTINGS\nSFML_DEPENDENCIES_INSTALL_PREFIX=\"/Users/SFML/Desktop/packaging/tmp/install/Library/Frameworks\"\nCMAKE_INSTALL_FRAMEWORK_PREFIX=\"/Users/SFML/Desktop/packaging/tmp/install/Library/Frameworks\"\nCMAKE_INSTALL_LIB_PREFIX=\"/Users/SFML/Desktop/packaging/tmp/install/Library/Frameworks/lib\"\nFRAMEWORKS_FULL_PATH=\"$BUILT_PRODUCTS_DIR/$FRAMEWORKS_FOLDER_PATH/\"\n\n# Are we building a project that uses frameworks or dylibs?\ncase \"$SFML_BINARY_TYPE\" in\n    DYLIBS)\n        frameworks=\"false\"\n        ;;\n    *)\n        frameworks=\"true\"\n        ;;\nesac\n\n# Echoes to stderr\nerror () # $* message to display\n{\n    echo $* 1>&2\n    exit 2\n}\n\nassert () # $1 is a boolean, $2...N is an error message\n{\n    if [ $# -lt 2 ]\n    then\n        error \"Internal error in assert: not enough args\"\n    fi\n\n    if [ $1 -ne 0 ]\n    then\n        shift\n        error \"$*\"\n    fi\n}\n\nforce_remove () # $@ is some paths\n{\n    test $# -ge 1\n    assert $? \"force_remove() requires at least one parameter\"\n    rm -fr $@\n    assert $? \"couldn't remove $@\"\n}\n\ncopy () # $1 is a source, $2 is a destination\n{\n    test $# -eq 2\n    assert $? \"copy() requires two parameters\"\n    ditto \"$1\" \"$2\"\n    assert $? \"couldn't copy $1 to $2\"\n}\n\nrequire () # $1 is a SFML module like 'system' or 'audio'\n{\n    dest=\"$BUILT_PRODUCTS_DIR/$FRAMEWORKS_FOLDER_PATH/\"\n\n    if [ -z \"$1\" ]\n    then\n        error \"require() requires one parameter!\"\n    else\n        # clean potentially old stuff\n        force_remove \"$dest/libsfml-$1\"*\n        force_remove \"$dest/sfml-$1.framework\"\n\n        # copy SFML libraries\n        if [ \"$frameworks\" = \"true\" ]\n        then\n            source=\"$CMAKE_INSTALL_FRAMEWORK_PREFIX/sfml-$1.framework\"\n            target=\"sfml-$1.framework\"\n        elif [ \"$SFML_LINK_DYLIBS_SUFFIX\" = \"-d\" ]\n        then\n            source=\"$CMAKE_INSTALL_LIB_PREFIX/libsfml-$1-d.dylib\"\n            target=\"`readlink $source`\"\n        else\n            source=\"$CMAKE_INSTALL_LIB_PREFIX/libsfml-$1.dylib\"\n            target=\"`readlink $source`\"\n        fi\n\n        copy \"$source\" \"$dest/$target\"\n\n        # copy extra dependencies\n        if [ \"$1\" = \"audio\" ]\n        then\n            # copy \"FLAC\" \"ogg\" \"vorbis\" \"vorbisenc\" \"vorbisfile\" \"OpenAL\" frameworks too\n            for f in \"FLAC\" \"ogg\" \"vorbis\" \"vorbisenc\" \"vorbisfile\" \"OpenAL\"\n            do\n                copy \"$SFML_DEPENDENCIES_INSTALL_PREFIX/$f.framework\" \"$dest/$f.framework\"\n            done\n        elif [ \"$1\" = \"graphics\" ]\n        then\n            copy \"$SFML_DEPENDENCIES_INSTALL_PREFIX/freetype.framework\" \"$dest/freetype.framework\"\n        fi\n    fi\n}\n\nif [ -n \"$SFML_SYSTEM\" ]\nthen\n    require \"system\"\nfi\n\nif [ -n \"$SFML_AUDIO\" ]\nthen\n    require \"audio\"\nfi\n\nif [ -n \"$SFML_NETWORK\" ]\nthen\n    require \"network\"\nfi\n\nif [ -n \"$SFML_WINDOW\" ]\nthen\n    require \"window\"\nfi\n\nif [ -n \"$SFML_GRAPHICS\" ]\nthen\n    require \"graphics\"\nfi\n\n                ";
		};
/* End PBXShellScriptBuildPhase section */

/* Begin PBXSourcesBuildPhase section */
		E7470B1124FD306D004545ED /* Sources */ = {
			isa = PBXSourcesBuildPhase;
			buildActionMask = 2147483647;
			files = (
				E721EEF524FD39EB0061A44D /* Game.cpp in Sources */,
				E7D586FD250B7CDB00B979CB /* GameState.cpp in Sources */,
				E7470B1F24FD306D004545ED /* main.cpp in Sources */,
				E7470B1C24FD306D004545ED /* ResourcePath.mm in Sources */,
			);
			runOnlyForDeploymentPostprocessing = 0;
		};
/* End PBXSourcesBuildPhase section */

/* Begin XCBuildConfiguration section */
		E7470B2924FD306D004545ED /* Debug */ = {
			isa = XCBuildConfiguration;
			buildSettings = {
				ARCHS = "$(NATIVE_ARCH_ACTUAL)";
				CLANG_CXX_LANGUAGE_STANDARD = "c++11";
				CLANG_CXX_LIBRARY = "libc++";
				FRAMEWORK_SEARCH_PATHS = (
					/Library/Frameworks/,
					"$(inherited)",
				);
				GCC_VERSION = com.apple.compilers.llvm.clang.1_0;
				HEADER_SEARCH_PATHS = (
					/usr/local/include/,
					"$(inherited)",
				);
				LIBRARY_SEARCH_PATHS = (
					/usr/local/lib/,
					"$(inherited)",
				);
				MACOSX_DEPLOYMENT_TARGET = 10.7;
				OTHER_LDFLAGS = (
					"$(inherited)",
					"$(SFML_SYSTEM)",
					"$(SFML_WINDOW)",
					"$(SFML_GRAPHICS)",
					"$(SFML_AUDIO)",
					"$(SFML_NETWORK)",
				);
				SFML_AUDIO = "$(SFML_LINK_PREFIX) sfml-audio$(SFML_LINK_SUFFIX)";
				SFML_BINARY_TYPE = FRAMEWORKS;
				SFML_GRAPHICS = "$(SFML_LINK_PREFIX) sfml-graphics$(SFML_LINK_SUFFIX)";
				SFML_LINK_DYLIBS_PREFIX = "-l";
				SFML_LINK_DYLIBS_SUFFIX = "";
				SFML_LINK_FRAMEWORKS_PREFIX = "-framework";
				SFML_LINK_FRAMEWORKS_SUFFIX = "";
				SFML_LINK_PREFIX = "$(SFML_LINK_$(SFML_BINARY_TYPE)_PREFIX)";
				SFML_LINK_SUFFIX = "$(SFML_LINK_$(SFML_BINARY_TYPE)_SUFFIX)";
				SFML_NETWORK = "$(SFML_LINK_PREFIX) sfml-network$(SFML_LINK_SUFFIX)";
				SFML_SYSTEM = "$(SFML_LINK_PREFIX) sfml-system$(SFML_LINK_SUFFIX)";
				SFML_WINDOW = "$(SFML_LINK_PREFIX) sfml-window$(SFML_LINK_SUFFIX)";
				SUPPORTED_PLATFORMS = macosx;
			};
			name = Debug;
		};
		E7470B2A24FD306D004545ED /* Release */ = {
			isa = XCBuildConfiguration;
			buildSettings = {
				ARCHS = "$(NATIVE_ARCH_ACTUAL)";
				CLANG_CXX_LANGUAGE_STANDARD = "c++11";
				CLANG_CXX_LIBRARY = "libc++";
				FRAMEWORK_SEARCH_PATHS = (
					/Library/Frameworks/,
					"$(inherited)",
				);
				GCC_VERSION = com.apple.compilers.llvm.clang.1_0;
				HEADER_SEARCH_PATHS = (
					/usr/local/include/,
					"$(inherited)",
				);
				LIBRARY_SEARCH_PATHS = (
					/usr/local/lib/,
					"$(inherited)",
				);
				MACOSX_DEPLOYMENT_TARGET = 10.7;
				OTHER_LDFLAGS = (
					"$(inherited)",
					"$(SFML_SYSTEM)",
					"$(SFML_WINDOW)",
					"$(SFML_GRAPHICS)",
					"$(SFML_AUDIO)",
					"$(SFML_NETWORK)",
				);
				SFML_AUDIO = "$(SFML_LINK_PREFIX) sfml-audio$(SFML_LINK_SUFFIX)";
				SFML_BINARY_TYPE = FRAMEWORKS;
				SFML_GRAPHICS = "$(SFML_LINK_PREFIX) sfml-graphics$(SFML_LINK_SUFFIX)";
				SFML_LINK_DYLIBS_PREFIX = "-l";
				SFML_LINK_DYLIBS_SUFFIX = "";
				SFML_LINK_FRAMEWORKS_PREFIX = "-framework";
				SFML_LINK_FRAMEWORKS_SUFFIX = "";
				SFML_LINK_PREFIX = "$(SFML_LINK_$(SFML_BINARY_TYPE)_PREFIX)";
				SFML_LINK_SUFFIX = "$(SFML_LINK_$(SFML_BINARY_TYPE)_SUFFIX)";
				SFML_NETWORK = "$(SFML_LINK_PREFIX) sfml-network$(SFML_LINK_SUFFIX)";
				SFML_SYSTEM = "$(SFML_LINK_PREFIX) sfml-system$(SFML_LINK_SUFFIX)";
				SFML_WINDOW = "$(SFML_LINK_PREFIX) sfml-window$(SFML_LINK_SUFFIX)";
				SUPPORTED_PLATFORMS = macosx;
			};
			name = Release;
		};
		E7470B2C24FD306D004545ED /* Debug */ = {
			isa = XCBuildConfiguration;
			buildSettings = {
				CODE_SIGN_IDENTITY = "-";
				CODE_SIGN_STYLE = Automatic;
				INFOPLIST_FILE = "PacMan/PacMan-Info.plist";
				LD_RUNPATH_SEARCH_PATHS = "@loader_path/../Frameworks";
				OTHER_CODE_SIGN_FLAGS = "--deep";
				PRODUCT_NAME = "$(TARGET_NAME)";
			};
			name = Debug;
		};
		E7470B2D24FD306D004545ED /* Release */ = {
			isa = XCBuildConfiguration;
			buildSettings = {
				CODE_SIGN_IDENTITY = "-";
				CODE_SIGN_STYLE = Automatic;
				INFOPLIST_FILE = "PacMan/PacMan-Info.plist";
				LD_RUNPATH_SEARCH_PATHS = "@loader_path/../Frameworks";
				OTHER_CODE_SIGN_FLAGS = "--deep";
				PRODUCT_NAME = "$(TARGET_NAME)";
			};
			name = Release;
		};
/* End XCBuildConfiguration section */

/* Begin XCConfigurationList section */
		E7470B1024FD306D004545ED /* Build configuration list for PBXProject "PacMan" */ = {
			isa = XCConfigurationList;
			buildConfigurations = (
				E7470B2924FD306D004545ED /* Debug */,
				E7470B2A24FD306D004545ED /* Release */,
			);
			defaultConfigurationIsVisible = 0;
			defaultConfigurationName = Release;
		};
		E7470B2B24FD306D004545ED /* Build configuration list for PBXNativeTarget "PacMan" */ = {
			isa = XCConfigurationList;
			buildConfigurations = (
				E7470B2C24FD306D004545ED /* Debug */,
				E7470B2D24FD306D004545ED /* Release */,
			);
			defaultConfigurationIsVisible = 0;
			defaultConfigurationName = Release;
		};
/* End XCConfigurationList section */
	};
	rootObject = E7470B0D24FD306D004545ED /* Project object */;
}
